# THIS IS AN AUTOGENERATED FILE. DO NOT EDIT THIS FILE DIRECTLY.
# yarn lockfile v1


"@next/env@13.0.0":
  version "13.0.0"
  resolved "https://registry.yarnpkg.com/@next/env/-/env-13.0.0.tgz#38527956680693c90b4522ab4ab9a2fbe3a17f67"

"@next/swc-android-arm-eabi@13.0.0":
  version "13.0.0"
  resolved "https://registry.yarnpkg.com/@next/swc-android-arm-eabi/-/swc-android-arm-eabi-13.0.0.tgz#15cd89d19d3c00d123fdfe367bab38c362f6c515"

"@next/swc-android-arm64@13.0.0":
  version "13.0.0"
  resolved "https://registry.yarnpkg.com/@next/swc-android-arm64/-/swc-android-arm64-13.0.0.tgz#9410365bb07097268d4773a46b02cfe6b3fe3ab7"

"@next/swc-darwin-arm64@13.0.0":
  version "13.0.0"
  resolved "https://registry.yarnpkg.com/@next/swc-darwin-arm64/-/swc-darwin-arm64-13.0.0.tgz#caf262fb5cb8bb335f6f344fd67a44dc8bf6a084"

"@next/swc-darwin-x64@13.0.0":
  version "13.0.0"
  resolved "https://registry.yarnpkg.com/@next/swc-darwin-x64/-/swc-darwin-x64-13.0.0.tgz#6b214753410e1d8512a1491045acea1e188df7d6"

"@next/swc-freebsd-x64@13.0.0":
  version "13.0.0"
  resolved "https://registry.yarnpkg.com/@next/swc-freebsd-x64/-/swc-freebsd-x64-13.0.0.tgz#eeb176bdb585f48882bdac1d04271b918ca87590"

"@next/swc-linux-arm-gnueabihf@13.0.0":
  version "13.0.0"
  resolved "https://registry.yarnpkg.com/@next/swc-linux-arm-gnueabihf/-/swc-linux-arm-gnueabihf-13.0.0.tgz#2c2a9622c93f87a8baca94e068f674da4cae6018"

"@next/swc-linux-arm64-gnu@13.0.0":
  version "13.0.0"
  resolved "https://registry.yarnpkg.com/@next/swc-linux-arm64-gnu/-/swc-linux-arm64-gnu-13.0.0.tgz#69505827e2928fb18034150fd4d754d54c4a1c4b"

"@next/swc-linux-arm64-musl@13.0.0":
  version "13.0.0"
  resolved "https://registry.yarnpkg.com/@next/swc-linux-arm64-musl/-/swc-linux-arm64-musl-13.0.0.tgz#487a88f2583a046e882328fe0665b37eca4fd0f6"

"@next/swc-linux-x64-gnu@13.0.0":
  version "13.0.0"
  resolved "https://registry.yarnpkg.com/@next/swc-linux-x64-gnu/-/swc-linux-x64-gnu-13.0.0.tgz#29e89c7e4fd2e2b16ad059076f6261998aee53df"

"@next/swc-linux-x64-musl@13.0.0":
  version "13.0.0"
  resolved "https://registry.yarnpkg.com/@next/swc-linux-x64-musl/-/swc-linux-x64-musl-13.0.0.tgz#2f63aae922d2b2829aec21bf8f9adda8b6c16365"

"@next/swc-win32-arm64-msvc@13.0.0":
  version "13.0.0"
  resolved "https://registry.yarnpkg.com/@next/swc-win32-arm64-msvc/-/swc-win32-arm64-msvc-13.0.0.tgz#4117bad96c2a6775f70294fba45c63951a8a21ac"

"@next/swc-win32-ia32-msvc@13.0.0":
  version "13.0.0"
  resolved "https://registry.yarnpkg.com/@next/swc-win32-ia32-msvc/-/swc-win32-ia32-msvc-13.0.0.tgz#5914eb86f9ea92a00d76cb094dd9734b3bf2012c"

"@next/swc-win32-x64-msvc@13.0.0":
  version "13.0.0"
  resolved "https://registry.yarnpkg.com/@next/swc-win32-x64-msvc/-/swc-win32-x64-msvc-13.0.0.tgz#c54a5a739dee04b20338d305226a2acdf701f67f"

"@swc/helpers@0.4.11":
  version "0.4.11"
  resolved "https://registry.yarnpkg.com/@swc/helpers/-/helpers-0.4.11.tgz#db23a376761b3d31c26502122f349a21b592c8de"
  dependencies:
    tslib "^2.4.0"

"@types/node@^17.0.26":
  version "17.0.26"
  resolved "https://registry.yarnpkg.com/@types/node/-/node-17.0.26.tgz#1bbff9b23ee5a64f87b4f30c0c854b112ee2e635"

"@types/prop-types@*":
  version "15.7.3"
  resolved "https://registry.yarnpkg.com/@types/prop-types/-/prop-types-15.7.3.tgz#2ab0d5da2e5815f94b0b9d4b95d1e5f243ab2ca7"

"@types/react@^18.0.6":
  version "18.0.6"
  resolved "https://registry.yarnpkg.com/@types/react/-/react-18.0.6.tgz#30206c3830af6ce8639b91ace5868bc2d3d1d96c"
  dependencies:
    "@types/prop-types" "*"
    "@types/scheduler" "*"
    csstype "^3.0.2"

"@types/scheduler@*":
  version "0.16.1"
  resolved "https://registry.yarnpkg.com/@types/scheduler/-/scheduler-0.16.1.tgz#18845205e86ff0038517aab7a18a62a6b9f71275"

caniuse-lite@^1.0.30001406:
  version "1.0.30001427"
  resolved "https://registry.yarnpkg.com/caniuse-lite/-/caniuse-lite-1.0.30001427.tgz#d3a749f74be7ae0671fbec3a4eea18576e8ad646"

client-only@0.0.1:
  version "0.0.1"
  resolved "https://registry.yarnpkg.com/client-only/-/client-only-0.0.1.tgz#38bba5d403c41ab150bff64a95c85013cf73bca1"

csstype@^3.0.2:
  version "3.0.5"
  resolved "https://registry.yarnpkg.com/csstype/-/csstype-3.0.5.tgz#7fdec6a28a67ae18647c51668a9ff95bb2fa7bb8"

"js-tokens@^3.0.0 || ^4.0.0":
  version "4.0.0"
  resolved "https://registry.yarnpkg.com/js-tokens/-/js-tokens-4.0.0.tgz#19203fb59991df98e3a287050d4647cdeaf32499"

loose-envify@^1.1.0:
  version "1.4.0"
  resolved "https://registry.yarnpkg.com/loose-envify/-/loose-envify-1.4.0.tgz#71ee51fa7be4caec1a63839f7e682d8132d30caf"
  dependencies:
    js-tokens "^3.0.0 || ^4.0.0"

nanoid@^3.3.4:
  version "3.3.4"
  resolved "https://registry.yarnpkg.com/nanoid/-/nanoid-3.3.4.tgz#730b67e3cd09e2deacf03c027c81c9d9dbc5e8ab"

next@13.0.0:
  version "13.0.0"
  resolved "https://registry.yarnpkg.com/next/-/next-13.0.0.tgz#6f07064a4f374562cf58677bef4dd06326ca648b"
  dependencies:
    "@next/env" "13.0.0"
    "@swc/helpers" "0.4.11"
    caniuse-lite "^1.0.30001406"
    postcss "8.4.14"
    styled-jsx "5.1.0"
    use-sync-external-store "1.2.0"
  optionalDependencies:
    "@next/swc-android-arm-eabi" "13.0.0"
    "@next/swc-android-arm64" "13.0.0"
    "@next/swc-darwin-arm64" "13.0.0"
    "@next/swc-darwin-x64" "13.0.0"
    "@next/swc-freebsd-x64" "13.0.0"
    "@next/swc-linux-arm-gnueabihf" "13.0.0"
    "@next/swc-linux-arm64-gnu" "13.0.0"
    "@next/swc-linux-arm64-musl" "13.0.0"
    "@next/swc-linux-x64-gnu" "13.0.0"
    "@next/swc-linux-x64-musl" "13.0.0"
    "@next/swc-win32-arm64-msvc" "13.0.0"
    "@next/swc-win32-ia32-msvc" "13.0.0"
    "@next/swc-win32-x64-msvc" "13.0.0"

picocolors@^1.0.0:
  version "1.0.0"
  resolved "https://registry.yarnpkg.com/picocolors/-/picocolors-1.0.0.tgz#cb5bdc74ff3f51892236eaf79d68bc44564ab81c"

postcss@8.4.14:
  version "8.4.14"
  resolved "https://registry.yarnpkg.com/postcss/-/postcss-8.4.14.tgz#ee9274d5622b4858c1007a74d76e42e56fd21caf"
  dependencies:
    nanoid "^3.3.4"
    picocolors "^1.0.0"
    source-map-js "^1.0.2"

react-dom@18.0.0:
  version "18.0.0"
  resolved "https://registry.yarnpkg.com/react-dom/-/react-dom-18.0.0.tgz#26b88534f8f1dbb80853e1eabe752f24100d8023"
  dependencies:
    loose-envify "^1.1.0"
    scheduler "^0.21.0"

react@18.0.0:
  version "18.0.0"
  resolved "https://registry.yarnpkg.com/react/-/react-18.0.0.tgz#b468736d1f4a5891f38585ba8e8fb29f91c3cb96"
  dependencies:
    loose-envify "^1.1.0"

scheduler@^0.21.0:
  version "0.21.0"
  resolved "https://registry.yarnpkg.com/scheduler/-/scheduler-0.21.0.tgz#6fd2532ff5a6d877b6edb12f00d8ab7e8f308820"
  dependencies:
    loose-envify "^1.1.0"

source-map-js@^1.0.2:
  version "1.0.2"
  resolved "https://registry.yarnpkg.com/source-map-js/-/source-map-js-1.0.2.tgz#adbc361d9c62df380125e7f161f71c826f1e490c"

styled-jsx@5.1.0:
  version "5.1.0"
  resolved "https://registry.yarnpkg.com/styled-jsx/-/styled-jsx-5.1.0.tgz#4a5622ab9714bd3fcfaeec292aa555871f057563"
  dependencies:
    client-only "0.0.1"

tslib@^2.4.0:
  version "2.4.0"
  resolved "https://registry.yarnpkg.com/tslib/-/tslib-2.4.0.tgz#7cecaa7f073ce680a05847aa77be941098f36dc3"

typescript@^4.6.3:
  version "4.6.3"
  resolved "https://registry.yarnpkg.com/typescript/-/typescript-4.6.3.tgz#eefeafa6afdd31d725584c67a0eaba80f6fc6c6c"

use-sync-external-store@1.2.0:
  version "1.2.0"
  resolved "https://registry.yarnpkg.com/use-sync-external-store/-/use-sync-external-store-1.2.0.tgz#7dbefd6ef3fe4e767a0cf5d7287aacfb5846928a"
